
Microsoft Visual Studio Solution File, Format Version 12.00
# Visual Studio Version 16
VisualStudioVersion = 16.0.28803.352
MinimumVisualStudioVersion = 10.0.40219.1
Project("{FAE04EC0-301F-11D3-BF4B-00C04F79EFBC}") = "Euler", "Euler\Euler.csproj", "{46F8E94D-D5E7-4047-97CF-CB364FE37668}"
EndProject
Global
	GlobalSection(SolutionConfigurationPlatforms) = preSolution
		Debug|Any CPU = Debug|Any CPU
		Release|Any CPU = Release|Any CPU
	EndGlobalSection
	GlobalSection(ProjectConfigurationPlatforms) = postSolution
		{46F8E94D-D5E7-4047-97CF-CB364FE37668}.Debug|Any CPU.ActiveCfg = Debug|Any CPU
		{46F8E94D-D5E7-4047-97CF-CB364FE37668}.Debug|Any CPU.Build.0 = Debug|Any CPU
		{46F8E94D-D5E7-4047-97CF-CB364FE37668}.Release|Any CPU.ActiveCfg = Release|Any CPU
		{46F8E94D-D5E7-4047-97CF-CB364FE37668}.Release|Any CPU.Build.0 = Release|Any CPU
	EndGlobalSection
	GlobalSection(SolutionProperties) = preSolution
		HideSolutionNode = FALSE
	EndGlobalSection
	GlobalSection(ExtensibilityGlobals) = postSolution
		SolutionGuid = {AB2CC7E8-E6C0-41F9-8D2A-1CB28A597539}
	EndGlobalSection
EndGlobal
